
Microsoft Visual Studio Solution File, Format Version 12.00
# Visual Studio 2017
Project("{FAE04EC0-301F-11D3-BF4B-00C04F79EFBC}") = "numind_test", "numind_test.csproj", "{C6705B48-8158-F032-739B-80828A3CE66B}"
EndProject
Project("{FAE04EC0-301F-11D3-BF4B-00C04F79EFBC}") = "numind_test.Editor", "numind_test.Editor.csproj", "{A3BDC923-CE9C-4784-6B2E-61EE621BFAE8}"
EndProject
Global
	GlobalSection(SolutionConfigurationPlatforms) = preSolution
		Debug|Any CPU = Debug|Any CPU
		Release|Any CPU = Release|Any CPU
	EndGlobalSection
	GlobalSection(ProjectConfigurationPlatforms) = postSolution
		{C6705B48-8158-F032-739B-80828A3CE66B}.Debug|Any CPU.ActiveCfg = Debug|Any CPU
		{C6705B48-8158-F032-739B-80828A3CE66B}.Debug|Any CPU.Build.0 = Debug|Any CPU
		{C6705B48-8158-F032-739B-80828A3CE66B}.Release|Any CPU.ActiveCfg = Release|Any CPU
		{C6705B48-8158-F032-739B-80828A3CE66B}.Release|Any CPU.Build.0 = Release|Any CPU
		{A3BDC923-CE9C-4784-6B2E-61EE621BFAE8}.Debug|Any CPU.ActiveCfg = Debug|Any CPU
		{A3BDC923-CE9C-4784-6B2E-61EE621BFAE8}.Debug|Any CPU.Build.0 = Debug|Any CPU
		{A3BDC923-CE9C-4784-6B2E-61EE621BFAE8}.Release|Any CPU.ActiveCfg = Release|Any CPU
		{A3BDC923-CE9C-4784-6B2E-61EE621BFAE8}.Release|Any CPU.Build.0 = Release|Any CPU
	EndGlobalSection
	GlobalSection(SolutionProperties) = preSolution
		HideSolutionNode = FALSE
	EndGlobalSection
EndGlobal
